// !$*UTF8*$!
{
	archiveVersion = 1;
	classes = {
	};
	objectVersion = 56;
	objects = {

/* Begin PBXBuildFile section */
		070C32A12AFF631000D7C0C5 /* AppDelegate.swift in Sources */ = {isa = PBXBuildFile; fileRef = 070C32A02AFF631000D7C0C5 /* AppDelegate.swift */; };
		070C32A32AFF631000D7C0C5 /* SceneDelegate.swift in Sources */ = {isa = PBXBuildFile; fileRef = 070C32A22AFF631000D7C0C5 /* SceneDelegate.swift */; };
		070C32A52AFF631000D7C0C5 /* SearchView.swift in Sources */ = {isa = PBXBuildFile; fileRef = 070C32A42AFF631000D7C0C5 /* SearchView.swift */; };
		070C32AA2AFF631100D7C0C5 /* Assets.xcassets in Resources */ = {isa = PBXBuildFile; fileRef = 070C32A92AFF631100D7C0C5 /* Assets.xcassets */; };
		070C32AD2AFF631100D7C0C5 /* LaunchScreen.storyboard in Resources */ = {isa = PBXBuildFile; fileRef = 070C32AB2AFF631100D7C0C5 /* LaunchScreen.storyboard */; };
		070C32B92AFFF49300D7C0C5 /* SearchViewViewModel.swift in Sources */ = {isa = PBXBuildFile; fileRef = 070C32B82AFFF49300D7C0C5 /* SearchViewViewModel.swift */; };
		070C32BB2B0017AE00D7C0C5 /* VacancyTableViewCell.swift in Sources */ = {isa = PBXBuildFile; fileRef = 070C32BA2B0017AE00D7C0C5 /* VacancyTableViewCell.swift */; };
		070C32DA2B021F8300D7C0C5 /* Responce.swift in Sources */ = {isa = PBXBuildFile; fileRef = 070C32D92B021F8300D7C0C5 /* Responce.swift */; };
		070C32E32B02485F00D7C0C5 /* NetworkService.swift in Sources */ = {isa = PBXBuildFile; fileRef = 070C32E22B02485F00D7C0C5 /* NetworkService.swift */; };
		070C32E92B03666500D7C0C5 /* Kingfisher in Frameworks */ = {isa = PBXBuildFile; productRef = 070C32E82B03666500D7C0C5 /* Kingfisher */; };
		073A01C22B0592A900397DE7 /* Suggestion.swift in Sources */ = {isa = PBXBuildFile; fileRef = 073A01C12B0592A900397DE7 /* Suggestion.swift */; };
		073A01C42B0599C700397DE7 /* VacanciesTableViewController.swift in Sources */ = {isa = PBXBuildFile; fileRef = 073A01C32B0599C700397DE7 /* VacanciesTableViewController.swift */; };
		073A01C82B063BAE00397DE7 /* String + ext.swift in Sources */ = {isa = PBXBuildFile; fileRef = 073A01C72B063BAE00397DE7 /* String + ext.swift */; };
		074734002B03B76A00390B80 /* UIColor + ext.swift in Sources */ = {isa = PBXBuildFile; fileRef = 074733FF2B03B76A00390B80 /* UIColor + ext.swift */; };
		076180202B04EC6B001E3861 /* UIViewController + ext.swift in Sources */ = {isa = PBXBuildFile; fileRef = 0761801F2B04EC6B001E3861 /* UIViewController + ext.swift */; };
		076180242B056FCD001E3861 /* VacancyDetailView.swift in Sources */ = {isa = PBXBuildFile; fileRef = 076180232B056FCD001E3861 /* VacancyDetailView.swift */; };
/* End PBXBuildFile section */

/* Begin PBXFileReference section */
		070C329D2AFF631000D7C0C5 /* TestVacancy.app */ = {isa = PBXFileReference; explicitFileType = wrapper.application; includeInIndex = 0; path = TestVacancy.app; sourceTree = BUILT_PRODUCTS_DIR; };
		070C32A02AFF631000D7C0C5 /* AppDelegate.swift */ = {isa = PBXFileReference; lastKnownFileType = sourcecode.swift; path = AppDelegate.swift; sourceTree = "<group>"; };
		070C32A22AFF631000D7C0C5 /* SceneDelegate.swift */ = {isa = PBXFileReference; lastKnownFileType = sourcecode.swift; path = SceneDelegate.swift; sourceTree = "<group>"; };
		070C32A42AFF631000D7C0C5 /* SearchView.swift */ = {isa = PBXFileReference; lastKnownFileType = sourcecode.swift; path = SearchView.swift; sourceTree = "<group>"; };
		070C32A92AFF631100D7C0C5 /* Assets.xcassets */ = {isa = PBXFileReference; lastKnownFileType = folder.assetcatalog; path = Assets.xcassets; sourceTree = "<group>"; };
		070C32AC2AFF631100D7C0C5 /* Base */ = {isa = PBXFileReference; lastKnownFileType = file.storyboard; name = Base; path = Base.lproj/LaunchScreen.storyboard; sourceTree = "<group>"; };
		070C32AE2AFF631100D7C0C5 /* Info.plist */ = {isa = PBXFileReference; lastKnownFileType = text.plist.xml; path = Info.plist; sourceTree = "<group>"; };
		070C32B82AFFF49300D7C0C5 /* SearchViewViewModel.swift */ = {isa = PBXFileReference; lastKnownFileType = sourcecode.swift; path = SearchViewViewModel.swift; sourceTree = "<group>"; };
		070C32BA2B0017AE00D7C0C5 /* VacancyTableViewCell.swift */ = {isa = PBXFileReference; lastKnownFileType = sourcecode.swift; path = VacancyTableViewCell.swift; sourceTree = "<group>"; };
		070C32D92B021F8300D7C0C5 /* Responce.swift */ = {isa = PBXFileReference; lastKnownFileType = sourcecode.swift; path = Responce.swift; sourceTree = "<group>"; };
		070C32E22B02485F00D7C0C5 /* NetworkService.swift */ = {isa = PBXFileReference; lastKnownFileType = sourcecode.swift; path = NetworkService.swift; sourceTree = "<group>"; };
		073A01C12B0592A900397DE7 /* Suggestion.swift */ = {isa = PBXFileReference; lastKnownFileType = sourcecode.swift; path = Suggestion.swift; sourceTree = "<group>"; };
		073A01C32B0599C700397DE7 /* VacanciesTableViewController.swift */ = {isa = PBXFileReference; lastKnownFileType = sourcecode.swift; path = VacanciesTableViewController.swift; sourceTree = "<group>"; };
		073A01C72B063BAE00397DE7 /* String + ext.swift */ = {isa = PBXFileReference; lastKnownFileType = sourcecode.swift; path = "String + ext.swift"; sourceTree = "<group>"; };
		074733FF2B03B76A00390B80 /* UIColor + ext.swift */ = {isa = PBXFileReference; lastKnownFileType = sourcecode.swift; path = "UIColor + ext.swift"; sourceTree = "<group>"; };
		0761801F2B04EC6B001E3861 /* UIViewController + ext.swift */ = {isa = PBXFileReference; lastKnownFileType = sourcecode.swift; path = "UIViewController + ext.swift"; sourceTree = "<group>"; };
		076180232B056FCD001E3861 /* VacancyDetailView.swift */ = {isa = PBXFileReference; lastKnownFileType = sourcecode.swift; path = VacancyDetailView.swift; sourceTree = "<group>"; };
/* End PBXFileReference section */

/* Begin PBXFrameworksBuildPhase section */
		070C329A2AFF631000D7C0C5 /* Frameworks */ = {
			isa = PBXFrameworksBuildPhase;
			buildActionMask = 2147483647;
			files = (
				070C32E92B03666500D7C0C5 /* Kingfisher in Frameworks */,
			);
			runOnlyForDeploymentPostprocessing = 0;
		};
/* End PBXFrameworksBuildPhase section */

/* Begin PBXGroup section */
		070C32942AFF631000D7C0C5 = {
			isa = PBXGroup;
			children = (
				070C329F2AFF631000D7C0C5 /* TestVacancy */,
				070C329E2AFF631000D7C0C5 /* Products */,
			);
			sourceTree = "<group>";
		};
		070C329E2AFF631000D7C0C5 /* Products */ = {
			isa = PBXGroup;
			children = (
				070C329D2AFF631000D7C0C5 /* TestVacancy.app */,
			);
			name = Products;
			sourceTree = "<group>";
		};
		070C329F2AFF631000D7C0C5 /* TestVacancy */ = {
			isa = PBXGroup;
			children = (
				070C32A02AFF631000D7C0C5 /* AppDelegate.swift */,
				070C32A22AFF631000D7C0C5 /* SceneDelegate.swift */,
				076180222B056F73001E3861 /* Views */,
				070C32A92AFF631100D7C0C5 /* Assets.xcassets */,
				070C32AB2AFF631100D7C0C5 /* LaunchScreen.storyboard */,
				070C32AE2AFF631100D7C0C5 /* Info.plist */,
				076180212B056F5C001E3861 /* Models */,
				070C32E12B02458200D7C0C5 /* Network */,
				0761801E2B04EC52001E3861 /* Extentions */,
			);
			path = TestVacancy;
			sourceTree = "<group>";
		};
		070C32E12B02458200D7C0C5 /* Network */ = {
			isa = PBXGroup;
			children = (
				070C32E22B02485F00D7C0C5 /* NetworkService.swift */,
			);
			path = Network;
			sourceTree = "<group>";
		};
		0761801E2B04EC52001E3861 /* Extentions */ = {
			isa = PBXGroup;
			children = (
				074733FF2B03B76A00390B80 /* UIColor + ext.swift */,
				0761801F2B04EC6B001E3861 /* UIViewController + ext.swift */,
				073A01C72B063BAE00397DE7 /* String + ext.swift */,
			);
			path = Extentions;
			sourceTree = "<group>";
		};
		076180212B056F5C001E3861 /* Models */ = {
			isa = PBXGroup;
			children = (
				070C32D92B021F8300D7C0C5 /* Responce.swift */,
				073A01C12B0592A900397DE7 /* Suggestion.swift */,
			);
			path = Models;
			sourceTree = "<group>";
		};
		076180222B056F73001E3861 /* Views */ = {
			isa = PBXGroup;
			children = (
				070C32A42AFF631000D7C0C5 /* SearchView.swift */,
				070C32BA2B0017AE00D7C0C5 /* VacancyTableViewCell.swift */,
				070C32B82AFFF49300D7C0C5 /* SearchViewViewModel.swift */,
				076180232B056FCD001E3861 /* VacancyDetailView.swift */,
				073A01C32B0599C700397DE7 /* VacanciesTableViewController.swift */,
			);
			path = Views;
			sourceTree = "<group>";
		};
/* End PBXGroup section */

/* Begin PBXNativeTarget section */
		070C329C2AFF631000D7C0C5 /* TestVacancy */ = {
			isa = PBXNativeTarget;
			buildConfigurationList = 070C32B12AFF631100D7C0C5 /* Build configuration list for PBXNativeTarget "TestVacancy" */;
			buildPhases = (
				070C32992AFF631000D7C0C5 /* Sources */,
				070C329A2AFF631000D7C0C5 /* Frameworks */,
				070C329B2AFF631000D7C0C5 /* Resources */,
			);
			buildRules = (
			);
			dependencies = (
			);
			name = TestVacancy;
			packageProductDependencies = (
				070C32E82B03666500D7C0C5 /* Kingfisher */,
			);
			productName = TestVacancy;
			productReference = 070C329D2AFF631000D7C0C5 /* TestVacancy.app */;
			productType = "com.apple.product-type.application";
		};
/* End PBXNativeTarget section */

/* Begin PBXProject section */
		070C32952AFF631000D7C0C5 /* Project object */ = {
			isa = PBXProject;
			attributes = {
				BuildIndependentTargetsInParallel = 1;
				LastSwiftUpdateCheck = 1500;
				LastUpgradeCheck = 1500;
				TargetAttributes = {
					070C329C2AFF631000D7C0C5 = {
						CreatedOnToolsVersion = 15.0;
					};
				};
			};
			buildConfigurationList = 070C32982AFF631000D7C0C5 /* Build configuration list for PBXProject "TestVacancy" */;
			compatibilityVersion = "Xcode 14.0";
			developmentRegion = en;
			hasScannedForEncodings = 0;
			knownRegions = (
				en,
				Base,
			);
			mainGroup = 070C32942AFF631000D7C0C5;
			packageReferences = (
				070C32E72B03666500D7C0C5 /* XCRemoteSwiftPackageReference "Kingfisher" */,
			);
			productRefGroup = 070C329E2AFF631000D7C0C5 /* Products */;
			projectDirPath = "";
			projectRoot = "";
			targets = (
				070C329C2AFF631000D7C0C5 /* TestVacancy */,
			);
		};
/* End PBXProject section */

/* Begin PBXResourcesBuildPhase section */
		070C329B2AFF631000D7C0C5 /* Resources */ = {
			isa = PBXResourcesBuildPhase;
			buildActionMask = 2147483647;
			files = (
				070C32AD2AFF631100D7C0C5 /* LaunchScreen.storyboard in Resources */,
				070C32AA2AFF631100D7C0C5 /* Assets.xcassets in Resources */,
			);
			runOnlyForDeploymentPostprocessing = 0;
		};
/* End PBXResourcesBuildPhase section */

/* Begin PBXSourcesBuildPhase section */
		070C32992AFF631000D7C0C5 /* Sources */ = {
			isa = PBXSourcesBuildPhase;
			buildActionMask = 2147483647;
			files = (
				070C32A52AFF631000D7C0C5 /* SearchView.swift in Sources */,
				073A01C22B0592A900397DE7 /* Suggestion.swift in Sources */,
				076180202B04EC6B001E3861 /* UIViewController + ext.swift in Sources */,
				073A01C42B0599C700397DE7 /* VacanciesTableViewController.swift in Sources */,
				070C32BB2B0017AE00D7C0C5 /* VacancyTableViewCell.swift in Sources */,
				070C32A12AFF631000D7C0C5 /* AppDelegate.swift in Sources */,
				070C32A32AFF631000D7C0C5 /* SceneDelegate.swift in Sources */,
				070C32B92AFFF49300D7C0C5 /* SearchViewViewModel.swift in Sources */,
				073A01C82B063BAE00397DE7 /* String + ext.swift in Sources */,
				070C32DA2B021F8300D7C0C5 /* Responce.swift in Sources */,
				076180242B056FCD001E3861 /* VacancyDetailView.swift in Sources */,
				070C32E32B02485F00D7C0C5 /* NetworkService.swift in Sources */,
				074734002B03B76A00390B80 /* UIColor + ext.swift in Sources */,
			);
			runOnlyForDeploymentPostprocessing = 0;
		};
/* End PBXSourcesBuildPhase section */

/* Begin PBXVariantGroup section */
		070C32AB2AFF631100D7C0C5 /* LaunchScreen.storyboard */ = {
			isa = PBXVariantGroup;
			children = (
				070C32AC2AFF631100D7C0C5 /* Base */,
			);
			name = LaunchScreen.storyboard;
			sourceTree = "<group>";
		};
/* End PBXVariantGroup section */

/* Begin XCBuildConfiguration section */
		070C32AF2AFF631100D7C0C5 /* Debug */ = {
			isa = XCBuildConfiguration;
			buildSettings = {
				ALWAYS_SEARCH_USER_PATHS = NO;
				ASSETCATALOG_COMPILER_GENERATE_SWIFT_ASSET_SYMBOL_EXTENSIONS = YES;
				CLANG_ANALYZER_NONNULL = YES;
				CLANG_ANALYZER_NUMBER_OBJECT_CONVERSION = YES_AGGRESSIVE;
				CLANG_CXX_LANGUAGE_STANDARD = "gnu++20";
				CLANG_ENABLE_MODULES = YES;
				CLANG_ENABLE_OBJC_ARC = YES;
				CLANG_ENABLE_OBJC_WEAK = YES;
				CLANG_WARN_BLOCK_CAPTURE_AUTORELEASING = YES;
				CLANG_WARN_BOOL_CONVERSION = YES;
				CLANG_WARN_COMMA = YES;
				CLANG_WARN_CONSTANT_CONVERSION = YES;
				CLANG_WARN_DEPRECATED_OBJC_IMPLEMENTATIONS = YES;
				CLANG_WARN_DIRECT_OBJC_ISA_USAGE = YES_ERROR;
				CLANG_WARN_DOCUMENTATION_COMMENTS = YES;
				CLANG_WARN_EMPTY_BODY = YES;
				CLANG_WARN_ENUM_CONVERSION = YES;
				CLANG_WARN_INFINITE_RECURSION = YES;
				CLANG_WARN_INT_CONVERSION = YES;
				CLANG_WARN_NON_LITERAL_NULL_CONVERSION = YES;
				CLANG_WARN_OBJC_IMPLICIT_RETAIN_SELF = YES;
				CLANG_WARN_OBJC_LITERAL_CONVERSION = YES;
				CLANG_WARN_OBJC_ROOT_CLASS = YES_ERROR;
				CLANG_WARN_QUOTED_INCLUDE_IN_FRAMEWORK_HEADER = YES;
				CLANG_WARN_RANGE_LOOP_ANALYSIS = YES;
				CLANG_WARN_STRICT_PROTOTYPES = YES;
				CLANG_WARN_SUSPICIOUS_MOVE = YES;
				CLANG_WARN_UNGUARDED_AVAILABILITY = YES_AGGRESSIVE;
				CLANG_WARN_UNREACHABLE_CODE = YES;
				CLANG_WARN__DUPLICATE_METHOD_MATCH = YES;
				COPY_PHASE_STRIP = NO;
				DEBUG_INFORMATION_FORMAT = dwarf;
				ENABLE_STRICT_OBJC_MSGSEND = YES;
				ENABLE_TESTABILITY = YES;
				ENABLE_USER_SCRIPT_SANDBOXING = YES;
				GCC_C_LANGUAGE_STANDARD = gnu17;
				GCC_DYNAMIC_NO_PIC = NO;
				GCC_NO_COMMON_BLOCKS = YES;
				GCC_OPTIMIZATION_LEVEL = 0;
				GCC_PREPROCESSOR_DEFINITIONS = (
					"DEBUG=1",
					"$(inherited)",
				);
				GCC_WARN_64_TO_32_BIT_CONVERSION = YES;
				GCC_WARN_ABOUT_RETURN_TYPE = YES_ERROR;
				GCC_WARN_UNDECLARED_SELECTOR = YES;
				GCC_WARN_UNINITIALIZED_AUTOS = YES_AGGRESSIVE;
				GCC_WARN_UNUSED_FUNCTION = YES;
				GCC_WARN_UNUSED_VARIABLE = YES;
				IPHONEOS_DEPLOYMENT_TARGET = 17.0;
				LOCALIZATION_PREFERS_STRING_CATALOGS = YES;
				MTL_ENABLE_DEBUG_INFO = INCLUDE_SOURCE;
				MTL_FAST_MATH = YES;
				ONLY_ACTIVE_ARCH = YES;
				SDKROOT = iphoneos;
				SWIFT_ACTIVE_COMPILATION_CONDITIONS = "DEBUG $(inherited)";
				SWIFT_OPTIMIZATION_LEVEL = "-Onone";
			};
			name = Debug;
		};
		070C32B02AFF631100D7C0C5 /* Release */ = {
			isa = XCBuildConfiguration;
			buildSettings = {
				ALWAYS_SEARCH_USER_PATHS = NO;
				ASSETCATALOG_COMPILER_GENERATE_SWIFT_ASSET_SYMBOL_EXTENSIONS = YES;
				CLANG_ANALYZER_NONNULL = YES;
				CLANG_ANALYZER_NUMBER_OBJECT_CONVERSION = YES_AGGRESSIVE;
				CLANG_CXX_LANGUAGE_STANDARD = "gnu++20";
				CLANG_ENABLE_MODULES = YES;
				CLANG_ENABLE_OBJC_ARC = YES;
				CLANG_ENABLE_OBJC_WEAK = YES;
				CLANG_WARN_BLOCK_CAPTURE_AUTORELEASING = YES;
				CLANG_WARN_BOOL_CONVERSION = YES;
				CLANG_WARN_COMMA = YES;
				CLANG_WARN_CONSTANT_CONVERSION = YES;
				CLANG_WARN_DEPRECATED_OBJC_IMPLEMENTATIONS = YES;
				CLANG_WARN_DIRECT_OBJC_ISA_USAGE = YES_ERROR;
				CLANG_WARN_DOCUMENTATION_COMMENTS = YES;
				CLANG_WARN_EMPTY_BODY = YES;
				CLANG_WARN_ENUM_CONVERSION = YES;
				CLANG_WARN_INFINITE_RECURSION = YES;
				CLANG_WARN_INT_CONVERSION = YES;
				CLANG_WARN_NON_LITERAL_NULL_CONVERSION = YES;
				CLANG_WARN_OBJC_IMPLICIT_RETAIN_SELF = YES;
				CLANG_WARN_OBJC_LITERAL_CONVERSION = YES;
				CLANG_WARN_OBJC_ROOT_CLASS = YES_ERROR;
				CLANG_WARN_QUOTED_INCLUDE_IN_FRAMEWORK_HEADER = YES;
				CLANG_WARN_RANGE_LOOP_ANALYSIS = YES;
				CLANG_WARN_STRICT_PROTOTYPES = YES;
				CLANG_WARN_SUSPICIOUS_MOVE = YES;
				CLANG_WARN_UNGUARDED_AVAILABILITY = YES_AGGRESSIVE;
				CLANG_WARN_UNREACHABLE_CODE = YES;
				CLANG_WARN__DUPLICATE_METHOD_MATCH = YES;
				COPY_PHASE_STRIP = NO;
				DEBUG_INFORMATION_FORMAT = "dwarf-with-dsym";
				ENABLE_NS_ASSERTIONS = NO;
				ENABLE_STRICT_OBJC_MSGSEND = YES;
				ENABLE_USER_SCRIPT_SANDBOXING = YES;
				GCC_C_LANGUAGE_STANDARD = gnu17;
				GCC_NO_COMMON_BLOCKS = YES;
				GCC_WARN_64_TO_32_BIT_CONVERSION = YES;
				GCC_WARN_ABOUT_RETURN_TYPE = YES_ERROR;
				GCC_WARN_UNDECLARED_SELECTOR = YES;
				GCC_WARN_UNINITIALIZED_AUTOS = YES_AGGRESSIVE;
				GCC_WARN_UNUSED_FUNCTION = YES;
				GCC_WARN_UNUSED_VARIABLE = YES;
				IPHONEOS_DEPLOYMENT_TARGET = 17.0;
				LOCALIZATION_PREFERS_STRING_CATALOGS = YES;
				MTL_ENABLE_DEBUG_INFO = NO;
				MTL_FAST_MATH = YES;
				SDKROOT = iphoneos;
				SWIFT_COMPILATION_MODE = wholemodule;
				VALIDATE_PRODUCT = YES;
			};
			name = Release;
		};
		070C32B22AFF631100D7C0C5 /* Debug */ = {
			isa = XCBuildConfiguration;
			buildSettings = {
				ASSETCATALOG_COMPILER_APPICON_NAME = AppIcon;
				ASSETCATALOG_COMPILER_GLOBAL_ACCENT_COLOR_NAME = AccentColor;
				CODE_SIGN_STYLE = Automatic;
				CURRENT_PROJECT_VERSION = 1;
				DEVELOPMENT_TEAM = QYY3G6W6RG;
				GENERATE_INFOPLIST_FILE = YES;
				INFOPLIST_FILE = TestVacancy/Info.plist;
				INFOPLIST_KEY_UIApplicationSupportsIndirectInputEvents = YES;
				INFOPLIST_KEY_UILaunchStoryboardName = LaunchScreen;
				INFOPLIST_KEY_UISupportedInterfaceOrientations = "UIInterfaceOrientationLandscapeLeft UIInterfaceOrientationLandscapeRight UIInterfaceOrientationPortrait";
				INFOPLIST_KEY_UISupportedInterfaceOrientations_iPad = "UIInterfaceOrientationPortrait UIInterfaceOrientationPortraitUpsideDown";
				LD_RUNPATH_SEARCH_PATHS = (
					"$(inherited)",
					"@executable_path/Frameworks",
				);
				MARKETING_VERSION = 1.0;
				PRODUCT_BUNDLE_IDENTIFIER = com.lukman.TestVacancy;
				PRODUCT_NAME = "$(TARGET_NAME)";
				SWIFT_EMIT_LOC_STRINGS = YES;
				SWIFT_VERSION = 5.0;
				TARGETED_DEVICE_FAMILY = "1,2";
			};
			name = Debug;
		};
		070C32B32AFF631100D7C0C5 /* Release */ = {
			isa = XCBuildConfiguration;
			buildSettings = {
				ASSETCATALOG_COMPILER_APPICON_NAME = AppIcon;
				ASSETCATALOG_COMPILER_GLOBAL_ACCENT_COLOR_NAME = AccentColor;
				CODE_SIGN_STYLE = Automatic;
				CURRENT_PROJECT_VERSION = 1;
				DEVELOPMENT_TEAM = QYY3G6W6RG;
				GENERATE_INFOPLIST_FILE = YES;
				INFOPLIST_FILE = TestVacancy/Info.plist;
				INFOPLIST_KEY_UIApplicationSupportsIndirectInputEvents = YES;
				INFOPLIST_KEY_UILaunchStoryboardName = LaunchScreen;
				INFOPLIST_KEY_UISupportedInterfaceOrientations = "UIInterfaceOrientationLandscapeLeft UIInterfaceOrientationLandscapeRight UIInterfaceOrientationPortrait";
				INFOPLIST_KEY_UISupportedInterfaceOrientations_iPad = "UIInterfaceOrientationPortrait UIInterfaceOrientationPortraitUpsideDown";
				LD_RUNPATH_SEARCH_PATHS = (
					"$(inherited)",
					"@executable_path/Frameworks",
				);
				MARKETING_VERSION = 1.0;
				PRODUCT_BUNDLE_IDENTIFIER = com.lukman.TestVacancy;
				PRODUCT_NAME = "$(TARGET_NAME)";
				SWIFT_EMIT_LOC_STRINGS = YES;
				SWIFT_VERSION = 5.0;
				TARGETED_DEVICE_FAMILY = "1,2";
			};
			name = Release;
		};
/* End XCBuildConfiguration section */

/* Begin XCConfigurationList section */
		070C32982AFF631000D7C0C5 /* Build configuration list for PBXProject "TestVacancy" */ = {
			isa = XCConfigurationList;
			buildConfigurations = (
				070C32AF2AFF631100D7C0C5 /* Debug */,
				070C32B02AFF631100D7C0C5 /* Release */,
			);
			defaultConfigurationIsVisible = 0;
			defaultConfigurationName = Release;
		};
		070C32B12AFF631100D7C0C5 /* Build configuration list for PBXNativeTarget "TestVacancy" */ = {
			isa = XCConfigurationList;
			buildConfigurations = (
				070C32B22AFF631100D7C0C5 /* Debug */,
				070C32B32AFF631100D7C0C5 /* Release */,
			);
			defaultConfigurationIsVisible = 0;
			defaultConfigurationName = Release;
		};
/* End XCConfigurationList section */

/* Begin XCRemoteSwiftPackageReference section */
		070C32E72B03666500D7C0C5 /* XCRemoteSwiftPackageReference "Kingfisher" */ = {
			isa = XCRemoteSwiftPackageReference;
			repositoryURL = "https://github.com/onevcat/Kingfisher.git";
			requirement = {
				kind = upToNextMajorVersion;
				minimumVersion = 7.10.0;
			};
		};
/* End XCRemoteSwiftPackageReference section */

/* Begin XCSwiftPackageProductDependency section */
		070C32E82B03666500D7C0C5 /* Kingfisher */ = {
			isa = XCSwiftPackageProductDependency;
			package = 070C32E72B03666500D7C0C5 /* XCRemoteSwiftPackageReference "Kingfisher" */;
			productName = Kingfisher;
		};
/* End XCSwiftPackageProductDependency section */
	};
	rootObject = 070C32952AFF631000D7C0C5 /* Project object */;
}
